
Microsoft Visual Studio Solution File, Format Version 12.00
# Visual Studio Version 17
VisualStudioVersion = 17.14.36518.9 d17.14
MinimumVisualStudioVersion = 10.0.40219.1
Project("{FAE04EC0-301F-11D3-BF4B-00C04F79EFBC}") = "Server", "Server\Server.csproj", "{8E04F7A0-D7F5-40E1-B1F8-C7EF018F6380}"
EndProject
Project("{FAE04EC0-301F-11D3-BF4B-00C04F79EFBC}") = "Client", "Client\Client.csproj", "{FE549AE1-BB99-49D7-A19F-47F69EA2C99D}"
EndProject
Global
	GlobalSection(SolutionConfigurationPlatforms) = preSolution
		Debug|Any CPU = Debug|Any CPU
		Release|Any CPU = Release|Any CPU
	EndGlobalSection
	GlobalSection(ProjectConfigurationPlatforms) = postSolution
		{8E04F7A0-D7F5-40E1-B1F8-C7EF018F6380}.Debug|Any CPU.ActiveCfg = Debug|Any CPU
		{8E04F7A0-D7F5-40E1-B1F8-C7EF018F6380}.Debug|Any CPU.Build.0 = Debug|Any CPU
		{8E04F7A0-D7F5-40E1-B1F8-C7EF018F6380}.Release|Any CPU.ActiveCfg = Release|Any CPU
		{8E04F7A0-D7F5-40E1-B1F8-C7EF018F6380}.Release|Any CPU.Build.0 = Release|Any CPU
		{FE549AE1-BB99-49D7-A19F-47F69EA2C99D}.Debug|Any CPU.ActiveCfg = Debug|Any CPU
		{FE549AE1-BB99-49D7-A19F-47F69EA2C99D}.Debug|Any CPU.Build.0 = Debug|Any CPU
		{FE549AE1-BB99-49D7-A19F-47F69EA2C99D}.Release|Any CPU.ActiveCfg = Release|Any CPU
		{FE549AE1-BB99-49D7-A19F-47F69EA2C99D}.Release|Any CPU.Build.0 = Release|Any CPU
	EndGlobalSection
	GlobalSection(SolutionProperties) = preSolution
		HideSolutionNode = FALSE
	EndGlobalSection
	GlobalSection(ExtensibilityGlobals) = postSolution
		SolutionGuid = {A963AAC3-209E-4764-82CD-48B53BA0DA73}
	EndGlobalSection
EndGlobal
